
Microsoft Visual Studio Solution File, Format Version 12.00
# Visual Studio Version 17
VisualStudioVersion = 17.7.34221.43
MinimumVisualStudioVersion = 10.0.40219.1
Project("{FAE04EC0-301F-11D3-BF4B-00C04F79EFBC}") = "CefaleasApp.UWP", "CefaleasApp\CefaleasApp.UWP\CefaleasApp.UWP.csproj", "{924B73B6-1760-4F38-A0C9-E0BF8F395185}"
EndProject
Project("{FAE04EC0-301F-11D3-BF4B-00C04F79EFBC}") = "CefaleasApp.Android", "CefaleasApp\CefaleasApp.Android\CefaleasApp.Android.csproj", "{66733F20-6015-436A-AAF5-0E2640C9EEFD}"
EndProject
Project("{FAE04EC0-301F-11D3-BF4B-00C04F79EFBC}") = "CefaleasApp.iOS", "CefaleasApp\CefaleasApp.iOS\CefaleasApp.iOS.csproj", "{47DE682F-85E4-4531-BA5C-E1F565DAC3C6}"
EndProject
Project("{9A19103F-16F7-4668-BE54-9A1E7A4F7556}") = "CefaleasApp", "CefaleasApp\CefaleasApp\CefaleasApp.csproj", "{D8BDE53E-14B4-4765-80B2-D038A7949539}"
EndProject
Project("{9A19103F-16F7-4668-BE54-9A1E7A4F7556}") = "CefaleasApp.Entities", "CefaleasApp.Entities\CefaleasApp.Entities.csproj", "{379B485B-C996-4F88-9E03-7F51EA680E29}"
EndProject
Project("{9A19103F-16F7-4668-BE54-9A1E7A4F7556}") = "CefaleasApp.DataAccess", "CefaleasApp.DataAccess\CefaleasApp.DataAccess.csproj", "{CF520AA2-BD9A-408B-8B83-68CEEC79EA48}"
EndProject
Project("{9A19103F-16F7-4668-BE54-9A1E7A4F7556}") = "CefaleasApp.DataAccess.SQLServer", "CefaleasApp.DataAccess.SQLServer\CefaleasApp.DataAccess.SQLServer.csproj", "{0ED34F86-5853-451F-A63C-85C68F5BE4E3}"
EndProject
Project("{FAE04EC0-301F-11D3-BF4B-00C04F79EFBC}") = "Api.Web.CefaleasApp", "Api.Web.CefaleasApp\Api.Web.CefaleasApp.csproj", "{4CA27C61-2FA2-4995-B395-E22A93626A9B}"
EndProject
Global
	GlobalSection(SolutionConfigurationPlatforms) = preSolution
		Debug|Any CPU = Debug|Any CPU
		Debug|ARM = Debug|ARM
		Debug|iPhone = Debug|iPhone
		Debug|iPhoneSimulator = Debug|iPhoneSimulator
		Debug|x64 = Debug|x64
		Debug|x86 = Debug|x86
		Release|Any CPU = Release|Any CPU
		Release|ARM = Release|ARM
		Release|iPhone = Release|iPhone
		Release|iPhoneSimulator = Release|iPhoneSimulator
		Release|x64 = Release|x64
		Release|x86 = Release|x86
	EndGlobalSection
	GlobalSection(ProjectConfigurationPlatforms) = postSolution
		{924B73B6-1760-4F38-A0C9-E0BF8F395185}.Debug|Any CPU.ActiveCfg = Debug|x64
		{924B73B6-1760-4F38-A0C9-E0BF8F395185}.Debug|Any CPU.Build.0 = Debug|x64
		{924B73B6-1760-4F38-A0C9-E0BF8F395185}.Debug|Any CPU.Deploy.0 = Debug|x64
		{924B73B6-1760-4F38-A0C9-E0BF8F395185}.Debug|ARM.ActiveCfg = Debug|ARM
		{924B73B6-1760-4F38-A0C9-E0BF8F395185}.Debug|ARM.Build.0 = Debug|ARM
		{924B73B6-1760-4F38-A0C9-E0BF8F395185}.Debug|ARM.Deploy.0 = Debug|ARM
		{924B73B6-1760-4F38-A0C9-E0BF8F395185}.Debug|iPhone.ActiveCfg = Debug|x64
		{924B73B6-1760-4F38-A0C9-E0BF8F395185}.Debug|iPhone.Build.0 = Debug|x64
		{924B73B6-1760-4F38-A0C9-E0BF8F395185}.Debug|iPhone.Deploy.0 = Debug|x64
		{924B73B6-1760-4F38-A0C9-E0BF8F395185}.Debug|iPhoneSimulator.ActiveCfg = Debug|x64
		{924B73B6-1760-4F38-A0C9-E0BF8F395185}.Debug|iPhoneSimulator.Build.0 = Debug|x64
		{924B73B6-1760-4F38-A0C9-E0BF8F395185}.Debug|iPhoneSimulator.Deploy.0 = Debug|x64
		{924B73B6-1760-4F38-A0C9-E0BF8F395185}.Debug|x64.ActiveCfg = Debug|x64
		{924B73B6-1760-4F38-A0C9-E0BF8F395185}.Debug|x64.Build.0 = Debug|x64
		{924B73B6-1760-4F38-A0C9-E0BF8F395185}.Debug|x64.Deploy.0 = Debug|x64
		{924B73B6-1760-4F38-A0C9-E0BF8F395185}.Debug|x86.ActiveCfg = Debug|x86
		{924B73B6-1760-4F38-A0C9-E0BF8F395185}.Debug|x86.Build.0 = Debug|x86
		{924B73B6-1760-4F38-A0C9-E0BF8F395185}.Debug|x86.Deploy.0 = Debug|x86
		{924B73B6-1760-4F38-A0C9-E0BF8F395185}.Release|Any CPU.ActiveCfg = Release|x64
		{924B73B6-1760-4F38-A0C9-E0BF8F395185}.Release|Any CPU.Build.0 = Release|x64
		{924B73B6-1760-4F38-A0C9-E0BF8F395185}.Release|Any CPU.Deploy.0 = Release|x64
		{924B73B6-1760-4F38-A0C9-E0BF8F395185}.Release|ARM.ActiveCfg = Release|ARM
		{924B73B6-1760-4F38-A0C9-E0BF8F395185}.Release|ARM.Build.0 = Release|ARM
		{924B73B6-1760-4F38-A0C9-E0BF8F395185}.Release|ARM.Deploy.0 = Release|ARM
		{924B73B6-1760-4F38-A0C9-E0BF8F395185}.Release|iPhone.ActiveCfg = Release|x64
		{924B73B6-1760-4F38-A0C9-E0BF8F395185}.Release|iPhone.Build.0 = Release|x64
		{924B73B6-1760-4F38-A0C9-E0BF8F395185}.Release|iPhone.Deploy.0 = Release|x64
		{924B73B6-1760-4F38-A0C9-E0BF8F395185}.Release|iPhoneSimulator.ActiveCfg = Release|x64
		{924B73B6-1760-4F38-A0C9-E0BF8F395185}.Release|iPhoneSimulator.Build.0 = Release|x64
		{924B73B6-1760-4F38-A0C9-E0BF8F395185}.Release|iPhoneSimulator.Deploy.0 = Release|x64
		{924B73B6-1760-4F38-A0C9-E0BF8F395185}.Release|x64.ActiveCfg = Release|x64
		{924B73B6-1760-4F38-A0C9-E0BF8F395185}.Release|x64.Build.0 = Release|x64
		{924B73B6-1760-4F38-A0C9-E0BF8F395185}.Release|x64.Deploy.0 = Release|x64
		{924B73B6-1760-4F38-A0C9-E0BF8F395185}.Release|x86.ActiveCfg = Release|x86
		{924B73B6-1760-4F38-A0C9-E0BF8F395185}.Release|x86.Build.0 = Release|x86
		{924B73B6-1760-4F38-A0C9-E0BF8F395185}.Release|x86.Deploy.0 = Release|x86
		{66733F20-6015-436A-AAF5-0E2640C9EEFD}.Debug|Any CPU.ActiveCfg = Debug|Any CPU
		{66733F20-6015-436A-AAF5-0E2640C9EEFD}.Debug|Any CPU.Build.0 = Debug|Any CPU
		{66733F20-6015-436A-AAF5-0E2640C9EEFD}.Debug|Any CPU.Deploy.0 = Debug|Any CPU
		{66733F20-6015-436A-AAF5-0E2640C9EEFD}.Debug|ARM.ActiveCfg = Debug|Any CPU
		{66733F20-6015-436A-AAF5-0E2640C9EEFD}.Debug|ARM.Build.0 = Debug|Any CPU
		{66733F20-6015-436A-AAF5-0E2640C9EEFD}.Debug|ARM.Deploy.0 = Debug|Any CPU
		{66733F20-6015-436A-AAF5-0E2640C9EEFD}.Debug|iPhone.ActiveCfg = Debug|Any CPU
		{66733F20-6015-436A-AAF5-0E2640C9EEFD}.Debug|iPhone.Build.0 = Debug|Any CPU
		{66733F20-6015-436A-AAF5-0E2640C9EEFD}.Debug|iPhone.Deploy.0 = Debug|Any CPU
		{66733F20-6015-436A-AAF5-0E2640C9EEFD}.Debug|iPhoneSimulator.ActiveCfg = Debug|Any CPU
		{66733F20-6015-436A-AAF5-0E2640C9EEFD}.Debug|iPhoneSimulator.Build.0 = Debug|Any CPU
		{66733F20-6015-436A-AAF5-0E2640C9EEFD}.Debug|iPhoneSimulator.Deploy.0 = Debug|Any CPU
		{66733F20-6015-436A-AAF5-0E2640C9EEFD}.Debug|x64.ActiveCfg = Debug|Any CPU
		{66733F20-6015-436A-AAF5-0E2640C9EEFD}.Debug|x64.Build.0 = Debug|Any CPU
		{66733F20-6015-436A-AAF5-0E2640C9EEFD}.Debug|x64.Deploy.0 = Debug|Any CPU
		{66733F20-6015-436A-AAF5-0E2640C9EEFD}.Debug|x86.ActiveCfg = Debug|Any CPU
		{66733F20-6015-436A-AAF5-0E2640C9EEFD}.Debug|x86.Build.0 = Debug|Any CPU
		{66733F20-6015-436A-AAF5-0E2640C9EEFD}.Debug|x86.Deploy.0 = Debug|Any CPU
		{66733F20-6015-436A-AAF5-0E2640C9EEFD}.Release|Any CPU.ActiveCfg = Release|Any CPU
		{66733F20-6015-436A-AAF5-0E2640C9EEFD}.Release|Any CPU.Build.0 = Release|Any CPU
		{66733F20-6015-436A-AAF5-0E2640C9EEFD}.Release|Any CPU.Deploy.0 = Release|Any CPU
		{66733F20-6015-436A-AAF5-0E2640C9EEFD}.Release|ARM.ActiveCfg = Release|Any CPU
		{66733F20-6015-436A-AAF5-0E2640C9EEFD}.Release|ARM.Build.0 = Release|Any CPU
		{66733F20-6015-436A-AAF5-0E2640C9EEFD}.Release|ARM.Deploy.0 = Release|Any CPU
		{66733F20-6015-436A-AAF5-0E2640C9EEFD}.Release|iPhone.ActiveCfg = Release|Any CPU
		{66733F20-6015-436A-AAF5-0E2640C9EEFD}.Release|iPhone.Build.0 = Release|Any CPU
		{66733F20-6015-436A-AAF5-0E2640C9EEFD}.Release|iPhone.Deploy.0 = Release|Any CPU
		{66733F20-6015-436A-AAF5-0E2640C9EEFD}.Release|iPhoneSimulator.ActiveCfg = Release|Any CPU
		{66733F20-6015-436A-AAF5-0E2640C9EEFD}.Release|iPhoneSimulator.Build.0 = Release|Any CPU
		{66733F20-6015-436A-AAF5-0E2640C9EEFD}.Release|iPhoneSimulator.Deploy.0 = Release|Any CPU
		{66733F20-6015-436A-AAF5-0E2640C9EEFD}.Release|x64.ActiveCfg = Release|Any CPU
		{66733F20-6015-436A-AAF5-0E2640C9EEFD}.Release|x64.Build.0 = Release|Any CPU
		{66733F20-6015-436A-AAF5-0E2640C9EEFD}.Release|x64.Deploy.0 = Release|Any CPU
		{66733F20-6015-436A-AAF5-0E2640C9EEFD}.Release|x86.ActiveCfg = Release|Any CPU
		{66733F20-6015-436A-AAF5-0E2640C9EEFD}.Release|x86.Build.0 = Release|Any CPU
		{66733F20-6015-436A-AAF5-0E2640C9EEFD}.Release|x86.Deploy.0 = Release|Any CPU
		{47DE682F-85E4-4531-BA5C-E1F565DAC3C6}.Debug|Any CPU.ActiveCfg = Debug|iPhoneSimulator
		{47DE682F-85E4-4531-BA5C-E1F565DAC3C6}.Debug|Any CPU.Build.0 = Debug|iPhoneSimulator
		{47DE682F-85E4-4531-BA5C-E1F565DAC3C6}.Debug|Any CPU.Deploy.0 = Debug|iPhoneSimulator
		{47DE682F-85E4-4531-BA5C-E1F565DAC3C6}.Debug|ARM.ActiveCfg = Debug|iPhoneSimulator
		{47DE682F-85E4-4531-BA5C-E1F565DAC3C6}.Debug|ARM.Build.0 = Debug|iPhoneSimulator
		{47DE682F-85E4-4531-BA5C-E1F565DAC3C6}.Debug|ARM.Deploy.0 = Debug|iPhoneSimulator
		{47DE682F-85E4-4531-BA5C-E1F565DAC3C6}.Debug|iPhone.ActiveCfg = Debug|iPhone
		{47DE682F-85E4-4531-BA5C-E1F565DAC3C6}.Debug|iPhone.Build.0 = Debug|iPhone
		{47DE682F-85E4-4531-BA5C-E1F565DAC3C6}.Debug|iPhone.Deploy.0 = Debug|iPhone
		{47DE682F-85E4-4531-BA5C-E1F565DAC3C6}.Debug|iPhoneSimulator.ActiveCfg = Debug|iPhoneSimulator
		{47DE682F-85E4-4531-BA5C-E1F565DAC3C6}.Debug|iPhoneSimulator.Build.0 = Debug|iPhoneSimulator
		{47DE682F-85E4-4531-BA5C-E1F565DAC3C6}.Debug|iPhoneSimulator.Deploy.0 = Debug|iPhoneSimulator
		{47DE682F-85E4-4531-BA5C-E1F565DAC3C6}.Debug|x64.ActiveCfg = Debug|iPhone
		{47DE682F-85E4-4531-BA5C-E1F565DAC3C6}.Debug|x64.Build.0 = Debug|iPhone
		{47DE682F-85E4-4531-BA5C-E1F565DAC3C6}.Debug|x64.Deploy.0 = Debug|iPhone
		{47DE682F-85E4-4531-BA5C-E1F565DAC3C6}.Debug|x86.ActiveCfg = Debug|iPhoneSimulator
		{47DE682F-85E4-4531-BA5C-E1F565DAC3C6}.Debug|x86.Build.0 = Debug|iPhoneSimulator
		{47DE682F-85E4-4531-BA5C-E1F565DAC3C6}.Debug|x86.Deploy.0 = Debug|iPhoneSimulator
		{47DE682F-85E4-4531-BA5C-E1F565DAC3C6}.Release|Any CPU.ActiveCfg = Release|iPhoneSimulator
		{47DE682F-85E4-4531-BA5C-E1F565DAC3C6}.Release|Any CPU.Build.0 = Release|iPhoneSimulator
		{47DE682F-85E4-4531-BA5C-E1F565DAC3C6}.Release|Any CPU.Deploy.0 = Release|iPhoneSimulator
		{47DE682F-85E4-4531-BA5C-E1F565DAC3C6}.Release|ARM.ActiveCfg = Release|iPhoneSimulator
		{47DE682F-85E4-4531-BA5C-E1F565DAC3C6}.Release|ARM.Build.0 = Release|iPhoneSimulator
		{47DE682F-85E4-4531-BA5C-E1F565DAC3C6}.Release|ARM.Deploy.0 = Release|iPhoneSimulator
		{47DE682F-85E4-4531-BA5C-E1F565DAC3C6}.Release|iPhone.ActiveCfg = Release|iPhone
		{47DE682F-85E4-4531-BA5C-E1F565DAC3C6}.Release|iPhone.Build.0 = Release|iPhone
		{47DE682F-85E4-4531-BA5C-E1F565DAC3C6}.Release|iPhone.Deploy.0 = Release|iPhone
		{47DE682F-85E4-4531-BA5C-E1F565DAC3C6}.Release|iPhoneSimulator.ActiveCfg = Release|iPhoneSimulator
		{47DE682F-85E4-4531-BA5C-E1F565DAC3C6}.Release|iPhoneSimulator.Build.0 = Release|iPhoneSimulator
		{47DE682F-85E4-4531-BA5C-E1F565DAC3C6}.Release|iPhoneSimulator.Deploy.0 = Release|iPhoneSimulator
		{47DE682F-85E4-4531-BA5C-E1F565DAC3C6}.Release|x64.ActiveCfg = Release|iPhoneSimulator
		{47DE682F-85E4-4531-BA5C-E1F565DAC3C6}.Release|x64.Build.0 = Release|iPhoneSimulator
		{47DE682F-85E4-4531-BA5C-E1F565DAC3C6}.Release|x64.Deploy.0 = Release|iPhoneSimulator
		{47DE682F-85E4-4531-BA5C-E1F565DAC3C6}.Release|x86.ActiveCfg = Release|iPhoneSimulator
		{47DE682F-85E4-4531-BA5C-E1F565DAC3C6}.Release|x86.Build.0 = Release|iPhoneSimulator
		{47DE682F-85E4-4531-BA5C-E1F565DAC3C6}.Release|x86.Deploy.0 = Release|iPhoneSimulator
		{D8BDE53E-14B4-4765-80B2-D038A7949539}.Debug|Any CPU.ActiveCfg = Debug|Any CPU
		{D8BDE53E-14B4-4765-80B2-D038A7949539}.Debug|Any CPU.Build.0 = Debug|Any CPU
		{D8BDE53E-14B4-4765-80B2-D038A7949539}.Debug|Any CPU.Deploy.0 = Debug|Any CPU
		{D8BDE53E-14B4-4765-80B2-D038A7949539}.Debug|ARM.ActiveCfg = Debug|Any CPU
		{D8BDE53E-14B4-4765-80B2-D038A7949539}.Debug|ARM.Build.0 = Debug|Any CPU
		{D8BDE53E-14B4-4765-80B2-D038A7949539}.Debug|ARM.Deploy.0 = Debug|Any CPU
		{D8BDE53E-14B4-4765-80B2-D038A7949539}.Debug|iPhone.ActiveCfg = Debug|Any CPU
		{D8BDE53E-14B4-4765-80B2-D038A7949539}.Debug|iPhone.Build.0 = Debug|Any CPU
		{D8BDE53E-14B4-4765-80B2-D038A7949539}.Debug|iPhone.Deploy.0 = Debug|Any CPU
		{D8BDE53E-14B4-4765-80B2-D038A7949539}.Debug|iPhoneSimulator.ActiveCfg = Debug|Any CPU
		{D8BDE53E-14B4-4765-80B2-D038A7949539}.Debug|iPhoneSimulator.Build.0 = Debug|Any CPU
		{D8BDE53E-14B4-4765-80B2-D038A7949539}.Debug|iPhoneSimulator.Deploy.0 = Debug|Any CPU
		{D8BDE53E-14B4-4765-80B2-D038A7949539}.Debug|x64.ActiveCfg = Debug|Any CPU
		{D8BDE53E-14B4-4765-80B2-D038A7949539}.Debug|x64.Build.0 = Debug|Any CPU
		{D8BDE53E-14B4-4765-80B2-D038A7949539}.Debug|x64.Deploy.0 = Debug|Any CPU
		{D8BDE53E-14B4-4765-80B2-D038A7949539}.Debug|x86.ActiveCfg = Debug|Any CPU
		{D8BDE53E-14B4-4765-80B2-D038A7949539}.Debug|x86.Build.0 = Debug|Any CPU
		{D8BDE53E-14B4-4765-80B2-D038A7949539}.Debug|x86.Deploy.0 = Debug|Any CPU
		{D8BDE53E-14B4-4765-80B2-D038A7949539}.Release|Any CPU.ActiveCfg = Release|Any CPU
		{D8BDE53E-14B4-4765-80B2-D038A7949539}.Release|Any CPU.Build.0 = Release|Any CPU
		{D8BDE53E-14B4-4765-80B2-D038A7949539}.Release|Any CPU.Deploy.0 = Release|Any CPU
		{D8BDE53E-14B4-4765-80B2-D038A7949539}.Release|ARM.ActiveCfg = Release|Any CPU
		{D8BDE53E-14B4-4765-80B2-D038A7949539}.Release|ARM.Build.0 = Release|Any CPU
		{D8BDE53E-14B4-4765-80B2-D038A7949539}.Release|ARM.Deploy.0 = Release|Any CPU
		{D8BDE53E-14B4-4765-80B2-D038A7949539}.Release|iPhone.ActiveCfg = Release|Any CPU
		{D8BDE53E-14B4-4765-80B2-D038A7949539}.Release|iPhone.Build.0 = Release|Any CPU
		{D8BDE53E-14B4-4765-80B2-D038A7949539}.Release|iPhone.Deploy.0 = Release|Any CPU
		{D8BDE53E-14B4-4765-80B2-D038A7949539}.Release|iPhoneSimulator.ActiveCfg = Release|Any CPU
		{D8BDE53E-14B4-4765-80B2-D038A7949539}.Release|iPhoneSimulator.Build.0 = Release|Any CPU
		{D8BDE53E-14B4-4765-80B2-D038A7949539}.Release|iPhoneSimulator.Deploy.0 = Release|Any CPU
		{D8BDE53E-14B4-4765-80B2-D038A7949539}.Release|x64.ActiveCfg = Release|Any CPU
		{D8BDE53E-14B4-4765-80B2-D038A7949539}.Release|x64.Build.0 = Release|Any CPU
		{D8BDE53E-14B4-4765-80B2-D038A7949539}.Release|x64.Deploy.0 = Release|Any CPU
		{D8BDE53E-14B4-4765-80B2-D038A7949539}.Release|x86.ActiveCfg = Release|Any CPU
		{D8BDE53E-14B4-4765-80B2-D038A7949539}.Release|x86.Build.0 = Release|Any CPU
		{D8BDE53E-14B4-4765-80B2-D038A7949539}.Release|x86.Deploy.0 = Release|Any CPU
		{379B485B-C996-4F88-9E03-7F51EA680E29}.Debug|Any CPU.ActiveCfg = Debug|Any CPU
		{379B485B-C996-4F88-9E03-7F51EA680E29}.Debug|Any CPU.Build.0 = Debug|Any CPU
		{379B485B-C996-4F88-9E03-7F51EA680E29}.Debug|ARM.ActiveCfg = Debug|Any CPU
		{379B485B-C996-4F88-9E03-7F51EA680E29}.Debug|ARM.Build.0 = Debug|Any CPU
		{379B485B-C996-4F88-9E03-7F51EA680E29}.Debug|iPhone.ActiveCfg = Debug|Any CPU
		{379B485B-C996-4F88-9E03-7F51EA680E29}.Debug|iPhone.Build.0 = Debug|Any CPU
		{379B485B-C996-4F88-9E03-7F51EA680E29}.Debug|iPhoneSimulator.ActiveCfg = Debug|Any CPU
		{379B485B-C996-4F88-9E03-7F51EA680E29}.Debug|iPhoneSimulator.Build.0 = Debug|Any CPU
		{379B485B-C996-4F88-9E03-7F51EA680E29}.Debug|x64.ActiveCfg = Debug|Any CPU
		{379B485B-C996-4F88-9E03-7F51EA680E29}.Debug|x64.Build.0 = Debug|Any CPU
		{379B485B-C996-4F88-9E03-7F51EA680E29}.Debug|x86.ActiveCfg = Debug|Any CPU
		{379B485B-C996-4F88-9E03-7F51EA680E29}.Debug|x86.Build.0 = Debug|Any CPU
		{379B485B-C996-4F88-9E03-7F51EA680E29}.Release|Any CPU.ActiveCfg = Release|Any CPU
		{379B485B-C996-4F88-9E03-7F51EA680E29}.Release|Any CPU.Build.0 = Release|Any CPU
		{379B485B-C996-4F88-9E03-7F51EA680E29}.Release|ARM.ActiveCfg = Release|Any CPU
		{379B485B-C996-4F88-9E03-7F51EA680E29}.Release|ARM.Build.0 = Release|Any CPU
		{379B485B-C996-4F88-9E03-7F51EA680E29}.Release|iPhone.ActiveCfg = Release|Any CPU
		{379B485B-C996-4F88-9E03-7F51EA680E29}.Release|iPhone.Build.0 = Release|Any CPU
		{379B485B-C996-4F88-9E03-7F51EA680E29}.Release|iPhoneSimulator.ActiveCfg = Release|Any CPU
		{379B485B-C996-4F88-9E03-7F51EA680E29}.Release|iPhoneSimulator.Build.0 = Release|Any CPU
		{379B485B-C996-4F88-9E03-7F51EA680E29}.Release|x64.ActiveCfg = Release|Any CPU
		{379B485B-C996-4F88-9E03-7F51EA680E29}.Release|x64.Build.0 = Release|Any CPU
		{379B485B-C996-4F88-9E03-7F51EA680E29}.Release|x86.ActiveCfg = Release|Any CPU
		{379B485B-C996-4F88-9E03-7F51EA680E29}.Release|x86.Build.0 = Release|Any CPU
		{CF520AA2-BD9A-408B-8B83-68CEEC79EA48}.Debug|Any CPU.ActiveCfg = Debug|Any CPU
		{CF520AA2-BD9A-408B-8B83-68CEEC79EA48}.Debug|Any CPU.Build.0 = Debug|Any CPU
		{CF520AA2-BD9A-408B-8B83-68CEEC79EA48}.Debug|ARM.ActiveCfg = Debug|Any CPU
		{CF520AA2-BD9A-408B-8B83-68CEEC79EA48}.Debug|ARM.Build.0 = Debug|Any CPU
		{CF520AA2-BD9A-408B-8B83-68CEEC79EA48}.Debug|iPhone.ActiveCfg = Debug|Any CPU
		{CF520AA2-BD9A-408B-8B83-68CEEC79EA48}.Debug|iPhone.Build.0 = Debug|Any CPU
		{CF520AA2-BD9A-408B-8B83-68CEEC79EA48}.Debug|iPhoneSimulator.ActiveCfg = Debug|Any CPU
		{CF520AA2-BD9A-408B-8B83-68CEEC79EA48}.Debug|iPhoneSimulator.Build.0 = Debug|Any CPU
		{CF520AA2-BD9A-408B-8B83-68CEEC79EA48}.Debug|x64.ActiveCfg = Debug|Any CPU
		{CF520AA2-BD9A-408B-8B83-68CEEC79EA48}.Debug|x64.Build.0 = Debug|Any CPU
		{CF520AA2-BD9A-408B-8B83-68CEEC79EA48}.Debug|x86.ActiveCfg = Debug|Any CPU
		{CF520AA2-BD9A-408B-8B83-68CEEC79EA48}.Debug|x86.Build.0 = Debug|Any CPU
		{CF520AA2-BD9A-408B-8B83-68CEEC79EA48}.Release|Any CPU.ActiveCfg = Release|Any CPU
		{CF520AA2-BD9A-408B-8B83-68CEEC79EA48}.Release|Any CPU.Build.0 = Release|Any CPU
		{CF520AA2-BD9A-408B-8B83-68CEEC79EA48}.Release|ARM.ActiveCfg = Release|Any CPU
		{CF520AA2-BD9A-408B-8B83-68CEEC79EA48}.Release|ARM.Build.0 = Release|Any CPU
		{CF520AA2-BD9A-408B-8B83-68CEEC79EA48}.Release|iPhone.ActiveCfg = Release|Any CPU
		{CF520AA2-BD9A-408B-8B83-68CEEC79EA48}.Release|iPhone.Build.0 = Release|Any CPU
		{CF520AA2-BD9A-408B-8B83-68CEEC79EA48}.Release|iPhoneSimulator.ActiveCfg = Release|Any CPU
		{CF520AA2-BD9A-408B-8B83-68CEEC79EA48}.Release|iPhoneSimulator.Build.0 = Release|Any CPU
		{CF520AA2-BD9A-408B-8B83-68CEEC79EA48}.Release|x64.ActiveCfg = Release|Any CPU
		{CF520AA2-BD9A-408B-8B83-68CEEC79EA48}.Release|x64.Build.0 = Release|Any CPU
		{CF520AA2-BD9A-408B-8B83-68CEEC79EA48}.Release|x86.ActiveCfg = Release|Any CPU
		{CF520AA2-BD9A-408B-8B83-68CEEC79EA48}.Release|x86.Build.0 = Release|Any CPU
		{0ED34F86-5853-451F-A63C-85C68F5BE4E3}.Debug|Any CPU.ActiveCfg = Debug|Any CPU
		{0ED34F86-5853-451F-A63C-85C68F5BE4E3}.Debug|Any CPU.Build.0 = Debug|Any CPU
		{0ED34F86-5853-451F-A63C-85C68F5BE4E3}.Debug|ARM.ActiveCfg = Debug|Any CPU
		{0ED34F86-5853-451F-A63C-85C68F5BE4E3}.Debug|ARM.Build.0 = Debug|Any CPU
		{0ED34F86-5853-451F-A63C-85C68F5BE4E3}.Debug|iPhone.ActiveCfg = Debug|Any CPU
		{0ED34F86-5853-451F-A63C-85C68F5BE4E3}.Debug|iPhone.Build.0 = Debug|Any CPU
		{0ED34F86-5853-451F-A63C-85C68F5BE4E3}.Debug|iPhoneSimulator.ActiveCfg = Debug|Any CPU
		{0ED34F86-5853-451F-A63C-85C68F5BE4E3}.Debug|iPhoneSimulator.Build.0 = Debug|Any CPU
		{0ED34F86-5853-451F-A63C-85C68F5BE4E3}.Debug|x64.ActiveCfg = Debug|Any CPU
		{0ED34F86-5853-451F-A63C-85C68F5BE4E3}.Debug|x64.Build.0 = Debug|Any CPU
		{0ED34F86-5853-451F-A63C-85C68F5BE4E3}.Debug|x86.ActiveCfg = Debug|Any CPU
		{0ED34F86-5853-451F-A63C-85C68F5BE4E3}.Debug|x86.Build.0 = Debug|Any CPU
		{0ED34F86-5853-451F-A63C-85C68F5BE4E3}.Release|Any CPU.ActiveCfg = Release|Any CPU
		{0ED34F86-5853-451F-A63C-85C68F5BE4E3}.Release|Any CPU.Build.0 = Release|Any CPU
		{0ED34F86-5853-451F-A63C-85C68F5BE4E3}.Release|ARM.ActiveCfg = Release|Any CPU
		{0ED34F86-5853-451F-A63C-85C68F5BE4E3}.Release|ARM.Build.0 = Release|Any CPU
		{0ED34F86-5853-451F-A63C-85C68F5BE4E3}.Release|iPhone.ActiveCfg = Release|Any CPU
		{0ED34F86-5853-451F-A63C-85C68F5BE4E3}.Release|iPhone.Build.0 = Release|Any CPU
		{0ED34F86-5853-451F-A63C-85C68F5BE4E3}.Release|iPhoneSimulator.ActiveCfg = Release|Any CPU
		{0ED34F86-5853-451F-A63C-85C68F5BE4E3}.Release|iPhoneSimulator.Build.0 = Release|Any CPU
		{0ED34F86-5853-451F-A63C-85C68F5BE4E3}.Release|x64.ActiveCfg = Release|Any CPU
		{0ED34F86-5853-451F-A63C-85C68F5BE4E3}.Release|x64.Build.0 = Release|Any CPU
		{0ED34F86-5853-451F-A63C-85C68F5BE4E3}.Release|x86.ActiveCfg = Release|Any CPU
		{0ED34F86-5853-451F-A63C-85C68F5BE4E3}.Release|x86.Build.0 = Release|Any CPU
		{4CA27C61-2FA2-4995-B395-E22A93626A9B}.Debug|Any CPU.ActiveCfg = Debug|Any CPU
		{4CA27C61-2FA2-4995-B395-E22A93626A9B}.Debug|Any CPU.Build.0 = Debug|Any CPU
		{4CA27C61-2FA2-4995-B395-E22A93626A9B}.Debug|ARM.ActiveCfg = Debug|Any CPU
		{4CA27C61-2FA2-4995-B395-E22A93626A9B}.Debug|ARM.Build.0 = Debug|Any CPU
		{4CA27C61-2FA2-4995-B395-E22A93626A9B}.Debug|iPhone.ActiveCfg = Debug|Any CPU
		{4CA27C61-2FA2-4995-B395-E22A93626A9B}.Debug|iPhone.Build.0 = Debug|Any CPU
		{4CA27C61-2FA2-4995-B395-E22A93626A9B}.Debug|iPhoneSimulator.ActiveCfg = Debug|Any CPU
		{4CA27C61-2FA2-4995-B395-E22A93626A9B}.Debug|iPhoneSimulator.Build.0 = Debug|Any CPU
		{4CA27C61-2FA2-4995-B395-E22A93626A9B}.Debug|x64.ActiveCfg = Debug|Any CPU
		{4CA27C61-2FA2-4995-B395-E22A93626A9B}.Debug|x64.Build.0 = Debug|Any CPU
		{4CA27C61-2FA2-4995-B395-E22A93626A9B}.Debug|x86.ActiveCfg = Debug|Any CPU
		{4CA27C61-2FA2-4995-B395-E22A93626A9B}.Debug|x86.Build.0 = Debug|Any CPU
		{4CA27C61-2FA2-4995-B395-E22A93626A9B}.Release|Any CPU.ActiveCfg = Release|Any CPU
		{4CA27C61-2FA2-4995-B395-E22A93626A9B}.Release|Any CPU.Build.0 = Release|Any CPU
		{4CA27C61-2FA2-4995-B395-E22A93626A9B}.Release|ARM.ActiveCfg = Release|Any CPU
		{4CA27C61-2FA2-4995-B395-E22A93626A9B}.Release|ARM.Build.0 = Release|Any CPU
		{4CA27C61-2FA2-4995-B395-E22A93626A9B}.Release|iPhone.ActiveCfg = Release|Any CPU
		{4CA27C61-2FA2-4995-B395-E22A93626A9B}.Release|iPhone.Build.0 = Release|Any CPU
		{4CA27C61-2FA2-4995-B395-E22A93626A9B}.Release|iPhoneSimulator.ActiveCfg = Release|Any CPU
		{4CA27C61-2FA2-4995-B395-E22A93626A9B}.Release|iPhoneSimulator.Build.0 = Release|Any CPU
		{4CA27C61-2FA2-4995-B395-E22A93626A9B}.Release|x64.ActiveCfg = Release|Any CPU
		{4CA27C61-2FA2-4995-B395-E22A93626A9B}.Release|x64.Build.0 = Release|Any CPU
		{4CA27C61-2FA2-4995-B395-E22A93626A9B}.Release|x86.ActiveCfg = Release|Any CPU
		{4CA27C61-2FA2-4995-B395-E22A93626A9B}.Release|x86.Build.0 = Release|Any CPU
	EndGlobalSection
	GlobalSection(SolutionProperties) = preSolution
		HideSolutionNode = FALSE
	EndGlobalSection
	GlobalSection(ExtensibilityGlobals) = postSolution
		SolutionGuid = {EF235E1A-2E5F-4937-80E6-B73EA5F790A4}
	EndGlobalSection
EndGlobal
